
Microsoft Visual Studio Solution File, Format Version 12.00
Project("{FAE04EC0-301F-11D3-BF4B-00C04F79EFBC}") = "Udemy-Proxy", "Udemy-Proxy\Udemy-Proxy.csproj", "{C64C55D0-EC39-40B9-BD58-DECD60B2178D}"
EndProject
Project("{FAE04EC0-301F-11D3-BF4B-00C04F79EFBC}") = "BTK-Singleton", "BTK-Singleton\BTK-Singleton.csproj", "{7A97241F-4ED0-405E-AE98-FA98E32D28C3}"
EndProject
Project("{FAE04EC0-301F-11D3-BF4B-00C04F79EFBC}") = "BTK-FactoryMethod", "BTK-FactoryMethod\BTK-FactoryMethod.csproj", "{4F77B8D3-9E41-4216-8B14-A54B780E996D}"
EndProject
Project("{FAE04EC0-301F-11D3-BF4B-00C04F79EFBC}") = "BTK-AbstractFactory", "BTK-AbstractFactory\BTK-AbstractFactory.csproj", "{B96338DA-23D1-48AF-A555-F99FE0A757E9}"
EndProject
Project("{FAE04EC0-301F-11D3-BF4B-00C04F79EFBC}") = "BTK-Prototype", "BTK-Prototype\BTK-Prototype.csproj", "{C0DBBAD3-5EC6-485E-B460-C36038FE4738}"
EndProject
Project("{FAE04EC0-301F-11D3-BF4B-00C04F79EFBC}") = "BTK-Builder", "BTK-Builder\BTK-Builder.csproj", "{252857C2-FE06-42F8-AF5D-B815C53D2E43}"
EndProject
Project("{FAE04EC0-301F-11D3-BF4B-00C04F79EFBC}") = "BTK-Facade", "BTK-Facade\BTK-Facade.csproj", "{34426BD6-8127-430B-8920-D21D08B3DEF9}"
EndProject
Project("{FAE04EC0-301F-11D3-BF4B-00C04F79EFBC}") = "BTK-Adapter", "BTK-Adapter\BTK-Adapter.csproj", "{13424E01-0AE5-42DF-A7F6-9F7249826DC2}"
EndProject
Project("{FAE04EC0-301F-11D3-BF4B-00C04F79EFBC}") = "BTK-Composite", "BTK-Composite\BTK-Composite.csproj", "{67693046-0C79-43EA-A9ED-8DF4F591EF79}"
EndProject
Project("{FAE04EC0-301F-11D3-BF4B-00C04F79EFBC}") = "BTK-Proxy", "BTK-Proxy\BTK-Proxy.csproj", "{0DEC342F-DC06-445D-879D-65189DD9D40C}"
EndProject
Project("{FAE04EC0-301F-11D3-BF4B-00C04F79EFBC}") = "BTK-Decorator", "BTK-Decorator\BTK-Decorator.csproj", "{E964BC86-F728-4FB6-AAAD-1F2C790B8FDD}"
EndProject
Project("{FAE04EC0-301F-11D3-BF4B-00C04F79EFBC}") = "BTK-Bridge", "BTK-Bridge\BTK-Bridge.csproj", "{8FD3A4B1-3C79-41F8-8A09-C0D734D0DE5D}"
EndProject
Global
	GlobalSection(SolutionConfigurationPlatforms) = preSolution
		Debug|Any CPU = Debug|Any CPU
		Release|Any CPU = Release|Any CPU
	EndGlobalSection
	GlobalSection(ProjectConfigurationPlatforms) = postSolution
		{C64C55D0-EC39-40B9-BD58-DECD60B2178D}.Debug|Any CPU.ActiveCfg = Debug|Any CPU
		{C64C55D0-EC39-40B9-BD58-DECD60B2178D}.Debug|Any CPU.Build.0 = Debug|Any CPU
		{C64C55D0-EC39-40B9-BD58-DECD60B2178D}.Release|Any CPU.ActiveCfg = Release|Any CPU
		{C64C55D0-EC39-40B9-BD58-DECD60B2178D}.Release|Any CPU.Build.0 = Release|Any CPU
		{7A97241F-4ED0-405E-AE98-FA98E32D28C3}.Debug|Any CPU.ActiveCfg = Debug|Any CPU
		{7A97241F-4ED0-405E-AE98-FA98E32D28C3}.Debug|Any CPU.Build.0 = Debug|Any CPU
		{7A97241F-4ED0-405E-AE98-FA98E32D28C3}.Release|Any CPU.ActiveCfg = Release|Any CPU
		{7A97241F-4ED0-405E-AE98-FA98E32D28C3}.Release|Any CPU.Build.0 = Release|Any CPU
		{4F77B8D3-9E41-4216-8B14-A54B780E996D}.Debug|Any CPU.ActiveCfg = Debug|Any CPU
		{4F77B8D3-9E41-4216-8B14-A54B780E996D}.Debug|Any CPU.Build.0 = Debug|Any CPU
		{4F77B8D3-9E41-4216-8B14-A54B780E996D}.Release|Any CPU.ActiveCfg = Release|Any CPU
		{4F77B8D3-9E41-4216-8B14-A54B780E996D}.Release|Any CPU.Build.0 = Release|Any CPU
		{B96338DA-23D1-48AF-A555-F99FE0A757E9}.Debug|Any CPU.ActiveCfg = Debug|Any CPU
		{B96338DA-23D1-48AF-A555-F99FE0A757E9}.Debug|Any CPU.Build.0 = Debug|Any CPU
		{B96338DA-23D1-48AF-A555-F99FE0A757E9}.Release|Any CPU.ActiveCfg = Release|Any CPU
		{B96338DA-23D1-48AF-A555-F99FE0A757E9}.Release|Any CPU.Build.0 = Release|Any CPU
		{C0DBBAD3-5EC6-485E-B460-C36038FE4738}.Debug|Any CPU.ActiveCfg = Debug|Any CPU
		{C0DBBAD3-5EC6-485E-B460-C36038FE4738}.Debug|Any CPU.Build.0 = Debug|Any CPU
		{C0DBBAD3-5EC6-485E-B460-C36038FE4738}.Release|Any CPU.ActiveCfg = Release|Any CPU
		{C0DBBAD3-5EC6-485E-B460-C36038FE4738}.Release|Any CPU.Build.0 = Release|Any CPU
		{252857C2-FE06-42F8-AF5D-B815C53D2E43}.Debug|Any CPU.ActiveCfg = Debug|Any CPU
		{252857C2-FE06-42F8-AF5D-B815C53D2E43}.Debug|Any CPU.Build.0 = Debug|Any CPU
		{252857C2-FE06-42F8-AF5D-B815C53D2E43}.Release|Any CPU.ActiveCfg = Release|Any CPU
		{252857C2-FE06-42F8-AF5D-B815C53D2E43}.Release|Any CPU.Build.0 = Release|Any CPU
		{34426BD6-8127-430B-8920-D21D08B3DEF9}.Debug|Any CPU.ActiveCfg = Debug|Any CPU
		{34426BD6-8127-430B-8920-D21D08B3DEF9}.Debug|Any CPU.Build.0 = Debug|Any CPU
		{34426BD6-8127-430B-8920-D21D08B3DEF9}.Release|Any CPU.ActiveCfg = Release|Any CPU
		{34426BD6-8127-430B-8920-D21D08B3DEF9}.Release|Any CPU.Build.0 = Release|Any CPU
		{13424E01-0AE5-42DF-A7F6-9F7249826DC2}.Debug|Any CPU.ActiveCfg = Debug|Any CPU
		{13424E01-0AE5-42DF-A7F6-9F7249826DC2}.Debug|Any CPU.Build.0 = Debug|Any CPU
		{13424E01-0AE5-42DF-A7F6-9F7249826DC2}.Release|Any CPU.ActiveCfg = Release|Any CPU
		{13424E01-0AE5-42DF-A7F6-9F7249826DC2}.Release|Any CPU.Build.0 = Release|Any CPU
		{67693046-0C79-43EA-A9ED-8DF4F591EF79}.Debug|Any CPU.ActiveCfg = Debug|Any CPU
		{67693046-0C79-43EA-A9ED-8DF4F591EF79}.Debug|Any CPU.Build.0 = Debug|Any CPU
		{67693046-0C79-43EA-A9ED-8DF4F591EF79}.Release|Any CPU.ActiveCfg = Release|Any CPU
		{67693046-0C79-43EA-A9ED-8DF4F591EF79}.Release|Any CPU.Build.0 = Release|Any CPU
		{0DEC342F-DC06-445D-879D-65189DD9D40C}.Debug|Any CPU.ActiveCfg = Debug|Any CPU
		{0DEC342F-DC06-445D-879D-65189DD9D40C}.Debug|Any CPU.Build.0 = Debug|Any CPU
		{0DEC342F-DC06-445D-879D-65189DD9D40C}.Release|Any CPU.ActiveCfg = Release|Any CPU
		{0DEC342F-DC06-445D-879D-65189DD9D40C}.Release|Any CPU.Build.0 = Release|Any CPU
		{E964BC86-F728-4FB6-AAAD-1F2C790B8FDD}.Debug|Any CPU.ActiveCfg = Debug|Any CPU
		{E964BC86-F728-4FB6-AAAD-1F2C790B8FDD}.Debug|Any CPU.Build.0 = Debug|Any CPU
		{E964BC86-F728-4FB6-AAAD-1F2C790B8FDD}.Release|Any CPU.ActiveCfg = Release|Any CPU
		{E964BC86-F728-4FB6-AAAD-1F2C790B8FDD}.Release|Any CPU.Build.0 = Release|Any CPU
		{8FD3A4B1-3C79-41F8-8A09-C0D734D0DE5D}.Debug|Any CPU.ActiveCfg = Debug|Any CPU
		{8FD3A4B1-3C79-41F8-8A09-C0D734D0DE5D}.Debug|Any CPU.Build.0 = Debug|Any CPU
		{8FD3A4B1-3C79-41F8-8A09-C0D734D0DE5D}.Release|Any CPU.ActiveCfg = Release|Any CPU
		{8FD3A4B1-3C79-41F8-8A09-C0D734D0DE5D}.Release|Any CPU.Build.0 = Release|Any CPU
	EndGlobalSection
EndGlobal
