
Microsoft Visual Studio Solution File, Format Version 12.00
Project("{FAE04EC0-301F-11D3-BF4B-00C04F79EFBC}") = "Udemy-Proxy", "Udemy-Proxy\Udemy-Proxy.csproj", "{C64C55D0-EC39-40B9-BD58-DECD60B2178D}"
EndProject
Project("{FAE04EC0-301F-11D3-BF4B-00C04F79EFBC}") = "BTK-Singleton", "BTK-Singleton\BTK-Singleton.csproj", "{7A97241F-4ED0-405E-AE98-FA98E32D28C3}"
EndProject
Project("{FAE04EC0-301F-11D3-BF4B-00C04F79EFBC}") = "BTK-FactoryMethod", "BTK-FactoryMethod\BTK-FactoryMethod.csproj", "{4F77B8D3-9E41-4216-8B14-A54B780E996D}"
EndProject
Project("{FAE04EC0-301F-11D3-BF4B-00C04F79EFBC}") = "BTK-AbstractFactory", "BTK-AbstractFactory\BTK-AbstractFactory.csproj", "{B96338DA-23D1-48AF-A555-F99FE0A757E9}"
EndProject
Project("{FAE04EC0-301F-11D3-BF4B-00C04F79EFBC}") = "BTK-Prototype", "BTK-Prototype\BTK-Prototype.csproj", "{C0DBBAD3-5EC6-485E-B460-C36038FE4738}"
EndProject
Project("{FAE04EC0-301F-11D3-BF4B-00C04F79EFBC}") = "BTK-Builder", "BTK-Builder\BTK-Builder.csproj", "{252857C2-FE06-42F8-AF5D-B815C53D2E43}"
EndProject
Project("{FAE04EC0-301F-11D3-BF4B-00C04F79EFBC}") = "BTK-Facade", "BTK-Facade\BTK-Facade.csproj", "{34426BD6-8127-430B-8920-D21D08B3DEF9}"
EndProject
Project("{FAE04EC0-301F-11D3-BF4B-00C04F79EFBC}") = "BTK-Adapter", "BTK-Adapter\BTK-Adapter.csproj", "{13424E01-0AE5-42DF-A7F6-9F7249826DC2}"
EndProject
Project("{FAE04EC0-301F-11D3-BF4B-00C04F79EFBC}") = "BTK-Composite", "BTK-Composite\BTK-Composite.csproj", "{67693046-0C79-43EA-A9ED-8DF4F591EF79}"
EndProject
Project("{FAE04EC0-301F-11D3-BF4B-00C04F79EFBC}") = "BTK-Proxy", "BTK-Proxy\BTK-Proxy.csproj", "{0DEC342F-DC06-445D-879D-65189DD9D40C}"
EndProject
Project("{FAE04EC0-301F-11D3-BF4B-00C04F79EFBC}") = "BTK-Decorator", "BTK-Decorator\BTK-Decorator.csproj", "{E964BC86-F728-4FB6-AAAD-1F2C790B8FDD}"
EndProject
Project("{FAE04EC0-301F-11D3-BF4B-00C04F79EFBC}") = "BTK-Bridge", "BTK-Bridge\BTK-Bridge.csproj", "{8FD3A4B1-3C79-41F8-8A09-C0D734D0DE5D}"
EndProject
Project("{FAE04EC0-301F-11D3-BF4B-00C04F79EFBC}") = "BTK-Strategy", "BTK-Strategy\BTK-Strategy.csproj", "{CFD9E0CA-3543-4BBD-967A-3C1B3C2D9BD7}"
EndProject
Project("{FAE04EC0-301F-11D3-BF4B-00C04F79EFBC}") = "BTK-Observer", "BTK-Observer\BTK-Observer.csproj", "{601EA55A-EAC9-4FDD-AF8E-8BAAF3DBEFC1}"
EndProject
Project("{FAE04EC0-301F-11D3-BF4B-00C04F79EFBC}") = "BTK-ChainOfResponsibility", "BTK-ChainOfResponsibility\BTK-ChainOfResponsibility.csproj", "{BC468245-98BF-43CE-ABBE-6828F97710F2}"
EndProject
Project("{FAE04EC0-301F-11D3-BF4B-00C04F79EFBC}") = "BTK-Memento", "BTK-Memento\BTK-Memento.csproj", "{74A737DC-F4D0-4D97-BBDD-07F897FBC59A}"
EndProject
Project("{FAE04EC0-301F-11D3-BF4B-00C04F79EFBC}") = "BTK-TemplateMethod", "BTK-TemplateMethod\BTK-TemplateMethod.csproj", "{297DCE50-2DEB-4CB8-976F-0656A01EDFA4}"
EndProject
Project("{FAE04EC0-301F-11D3-BF4B-00C04F79EFBC}") = "BTK-State", "BTK-State\BTK-State.csproj", "{340CB100-BC14-455F-A473-8C2205CA437F}"
EndProject
Project("{FAE04EC0-301F-11D3-BF4B-00C04F79EFBC}") = "BTK-Mediator", "BTK-Mediator\BTK-Mediator.csproj", "{3605168E-D235-4D52-94F2-87C9C4142388}"
EndProject
Project("{FAE04EC0-301F-11D3-BF4B-00C04F79EFBC}") = "BTK-Command", "BTK-Command\BTK-Command.csproj", "{7580F494-1B2F-48CF-B267-BE8AD52EE58F}"
EndProject
Project("{FAE04EC0-301F-11D3-BF4B-00C04F79EFBC}") = "BTK-Visitor", "BTK-Visitor\BTK-Visitor.csproj", "{32203C2D-22E7-4675-B381-04185E214B7C}"
EndProject
Project("{FAE04EC0-301F-11D3-BF4B-00C04F79EFBC}") = "BTK-DependencyInjection", "BTK-DependencyInjection\BTK-DependencyInjection.csproj", "{DE19E26A-8ADE-4A69-AEB0-0785618E9E25}"
EndProject
Project("{FAE04EC0-301F-11D3-BF4B-00C04F79EFBC}") = "BTK-NullObject", "BTK-NullObject\BTK-NullObject.csproj", "{DF651E65-621F-469F-AB82-EDECCE78415F}"
EndProject
Project("{FAE04EC0-301F-11D3-BF4B-00C04F79EFBC}") = "BTK-Multiton", "BTK-Multiton\BTK-Multiton.csproj", "{A3F2B31D-2491-47DB-A2B8-3057C93A4F9E}"
EndProject
Project("{FAE04EC0-301F-11D3-BF4B-00C04F79EFBC}") = "UdemySingleton", "UdemySingleton\UdemySingleton.csproj", "{D94EE6C8-4365-4FF9-BD3E-1BCDA4A4FA20}"
EndProject
Global
	GlobalSection(SolutionConfigurationPlatforms) = preSolution
		Debug|Any CPU = Debug|Any CPU
		Release|Any CPU = Release|Any CPU
	EndGlobalSection
	GlobalSection(ProjectConfigurationPlatforms) = postSolution
		{C64C55D0-EC39-40B9-BD58-DECD60B2178D}.Debug|Any CPU.ActiveCfg = Debug|Any CPU
		{C64C55D0-EC39-40B9-BD58-DECD60B2178D}.Debug|Any CPU.Build.0 = Debug|Any CPU
		{C64C55D0-EC39-40B9-BD58-DECD60B2178D}.Release|Any CPU.ActiveCfg = Release|Any CPU
		{C64C55D0-EC39-40B9-BD58-DECD60B2178D}.Release|Any CPU.Build.0 = Release|Any CPU
		{7A97241F-4ED0-405E-AE98-FA98E32D28C3}.Debug|Any CPU.ActiveCfg = Debug|Any CPU
		{7A97241F-4ED0-405E-AE98-FA98E32D28C3}.Debug|Any CPU.Build.0 = Debug|Any CPU
		{7A97241F-4ED0-405E-AE98-FA98E32D28C3}.Release|Any CPU.ActiveCfg = Release|Any CPU
		{7A97241F-4ED0-405E-AE98-FA98E32D28C3}.Release|Any CPU.Build.0 = Release|Any CPU
		{4F77B8D3-9E41-4216-8B14-A54B780E996D}.Debug|Any CPU.ActiveCfg = Debug|Any CPU
		{4F77B8D3-9E41-4216-8B14-A54B780E996D}.Debug|Any CPU.Build.0 = Debug|Any CPU
		{4F77B8D3-9E41-4216-8B14-A54B780E996D}.Release|Any CPU.ActiveCfg = Release|Any CPU
		{4F77B8D3-9E41-4216-8B14-A54B780E996D}.Release|Any CPU.Build.0 = Release|Any CPU
		{B96338DA-23D1-48AF-A555-F99FE0A757E9}.Debug|Any CPU.ActiveCfg = Debug|Any CPU
		{B96338DA-23D1-48AF-A555-F99FE0A757E9}.Debug|Any CPU.Build.0 = Debug|Any CPU
		{B96338DA-23D1-48AF-A555-F99FE0A757E9}.Release|Any CPU.ActiveCfg = Release|Any CPU
		{B96338DA-23D1-48AF-A555-F99FE0A757E9}.Release|Any CPU.Build.0 = Release|Any CPU
		{C0DBBAD3-5EC6-485E-B460-C36038FE4738}.Debug|Any CPU.ActiveCfg = Debug|Any CPU
		{C0DBBAD3-5EC6-485E-B460-C36038FE4738}.Debug|Any CPU.Build.0 = Debug|Any CPU
		{C0DBBAD3-5EC6-485E-B460-C36038FE4738}.Release|Any CPU.ActiveCfg = Release|Any CPU
		{C0DBBAD3-5EC6-485E-B460-C36038FE4738}.Release|Any CPU.Build.0 = Release|Any CPU
		{252857C2-FE06-42F8-AF5D-B815C53D2E43}.Debug|Any CPU.ActiveCfg = Debug|Any CPU
		{252857C2-FE06-42F8-AF5D-B815C53D2E43}.Debug|Any CPU.Build.0 = Debug|Any CPU
		{252857C2-FE06-42F8-AF5D-B815C53D2E43}.Release|Any CPU.ActiveCfg = Release|Any CPU
		{252857C2-FE06-42F8-AF5D-B815C53D2E43}.Release|Any CPU.Build.0 = Release|Any CPU
		{34426BD6-8127-430B-8920-D21D08B3DEF9}.Debug|Any CPU.ActiveCfg = Debug|Any CPU
		{34426BD6-8127-430B-8920-D21D08B3DEF9}.Debug|Any CPU.Build.0 = Debug|Any CPU
		{34426BD6-8127-430B-8920-D21D08B3DEF9}.Release|Any CPU.ActiveCfg = Release|Any CPU
		{34426BD6-8127-430B-8920-D21D08B3DEF9}.Release|Any CPU.Build.0 = Release|Any CPU
		{13424E01-0AE5-42DF-A7F6-9F7249826DC2}.Debug|Any CPU.ActiveCfg = Debug|Any CPU
		{13424E01-0AE5-42DF-A7F6-9F7249826DC2}.Debug|Any CPU.Build.0 = Debug|Any CPU
		{13424E01-0AE5-42DF-A7F6-9F7249826DC2}.Release|Any CPU.ActiveCfg = Release|Any CPU
		{13424E01-0AE5-42DF-A7F6-9F7249826DC2}.Release|Any CPU.Build.0 = Release|Any CPU
		{67693046-0C79-43EA-A9ED-8DF4F591EF79}.Debug|Any CPU.ActiveCfg = Debug|Any CPU
		{67693046-0C79-43EA-A9ED-8DF4F591EF79}.Debug|Any CPU.Build.0 = Debug|Any CPU
		{67693046-0C79-43EA-A9ED-8DF4F591EF79}.Release|Any CPU.ActiveCfg = Release|Any CPU
		{67693046-0C79-43EA-A9ED-8DF4F591EF79}.Release|Any CPU.Build.0 = Release|Any CPU
		{0DEC342F-DC06-445D-879D-65189DD9D40C}.Debug|Any CPU.ActiveCfg = Debug|Any CPU
		{0DEC342F-DC06-445D-879D-65189DD9D40C}.Debug|Any CPU.Build.0 = Debug|Any CPU
		{0DEC342F-DC06-445D-879D-65189DD9D40C}.Release|Any CPU.ActiveCfg = Release|Any CPU
		{0DEC342F-DC06-445D-879D-65189DD9D40C}.Release|Any CPU.Build.0 = Release|Any CPU
		{E964BC86-F728-4FB6-AAAD-1F2C790B8FDD}.Debug|Any CPU.ActiveCfg = Debug|Any CPU
		{E964BC86-F728-4FB6-AAAD-1F2C790B8FDD}.Debug|Any CPU.Build.0 = Debug|Any CPU
		{E964BC86-F728-4FB6-AAAD-1F2C790B8FDD}.Release|Any CPU.ActiveCfg = Release|Any CPU
		{E964BC86-F728-4FB6-AAAD-1F2C790B8FDD}.Release|Any CPU.Build.0 = Release|Any CPU
		{8FD3A4B1-3C79-41F8-8A09-C0D734D0DE5D}.Debug|Any CPU.ActiveCfg = Debug|Any CPU
		{8FD3A4B1-3C79-41F8-8A09-C0D734D0DE5D}.Debug|Any CPU.Build.0 = Debug|Any CPU
		{8FD3A4B1-3C79-41F8-8A09-C0D734D0DE5D}.Release|Any CPU.ActiveCfg = Release|Any CPU
		{8FD3A4B1-3C79-41F8-8A09-C0D734D0DE5D}.Release|Any CPU.Build.0 = Release|Any CPU
		{CFD9E0CA-3543-4BBD-967A-3C1B3C2D9BD7}.Debug|Any CPU.ActiveCfg = Debug|Any CPU
		{CFD9E0CA-3543-4BBD-967A-3C1B3C2D9BD7}.Debug|Any CPU.Build.0 = Debug|Any CPU
		{CFD9E0CA-3543-4BBD-967A-3C1B3C2D9BD7}.Release|Any CPU.ActiveCfg = Release|Any CPU
		{CFD9E0CA-3543-4BBD-967A-3C1B3C2D9BD7}.Release|Any CPU.Build.0 = Release|Any CPU
		{601EA55A-EAC9-4FDD-AF8E-8BAAF3DBEFC1}.Debug|Any CPU.ActiveCfg = Debug|Any CPU
		{601EA55A-EAC9-4FDD-AF8E-8BAAF3DBEFC1}.Debug|Any CPU.Build.0 = Debug|Any CPU
		{601EA55A-EAC9-4FDD-AF8E-8BAAF3DBEFC1}.Release|Any CPU.ActiveCfg = Release|Any CPU
		{601EA55A-EAC9-4FDD-AF8E-8BAAF3DBEFC1}.Release|Any CPU.Build.0 = Release|Any CPU
		{BC468245-98BF-43CE-ABBE-6828F97710F2}.Debug|Any CPU.ActiveCfg = Debug|Any CPU
		{BC468245-98BF-43CE-ABBE-6828F97710F2}.Debug|Any CPU.Build.0 = Debug|Any CPU
		{BC468245-98BF-43CE-ABBE-6828F97710F2}.Release|Any CPU.ActiveCfg = Release|Any CPU
		{BC468245-98BF-43CE-ABBE-6828F97710F2}.Release|Any CPU.Build.0 = Release|Any CPU
		{74A737DC-F4D0-4D97-BBDD-07F897FBC59A}.Debug|Any CPU.ActiveCfg = Debug|Any CPU
		{74A737DC-F4D0-4D97-BBDD-07F897FBC59A}.Debug|Any CPU.Build.0 = Debug|Any CPU
		{74A737DC-F4D0-4D97-BBDD-07F897FBC59A}.Release|Any CPU.ActiveCfg = Release|Any CPU
		{74A737DC-F4D0-4D97-BBDD-07F897FBC59A}.Release|Any CPU.Build.0 = Release|Any CPU
		{297DCE50-2DEB-4CB8-976F-0656A01EDFA4}.Debug|Any CPU.ActiveCfg = Debug|Any CPU
		{297DCE50-2DEB-4CB8-976F-0656A01EDFA4}.Debug|Any CPU.Build.0 = Debug|Any CPU
		{297DCE50-2DEB-4CB8-976F-0656A01EDFA4}.Release|Any CPU.ActiveCfg = Release|Any CPU
		{297DCE50-2DEB-4CB8-976F-0656A01EDFA4}.Release|Any CPU.Build.0 = Release|Any CPU
		{340CB100-BC14-455F-A473-8C2205CA437F}.Debug|Any CPU.ActiveCfg = Debug|Any CPU
		{340CB100-BC14-455F-A473-8C2205CA437F}.Debug|Any CPU.Build.0 = Debug|Any CPU
		{340CB100-BC14-455F-A473-8C2205CA437F}.Release|Any CPU.ActiveCfg = Release|Any CPU
		{340CB100-BC14-455F-A473-8C2205CA437F}.Release|Any CPU.Build.0 = Release|Any CPU
		{3605168E-D235-4D52-94F2-87C9C4142388}.Debug|Any CPU.ActiveCfg = Debug|Any CPU
		{3605168E-D235-4D52-94F2-87C9C4142388}.Debug|Any CPU.Build.0 = Debug|Any CPU
		{3605168E-D235-4D52-94F2-87C9C4142388}.Release|Any CPU.ActiveCfg = Release|Any CPU
		{3605168E-D235-4D52-94F2-87C9C4142388}.Release|Any CPU.Build.0 = Release|Any CPU
		{7580F494-1B2F-48CF-B267-BE8AD52EE58F}.Debug|Any CPU.ActiveCfg = Debug|Any CPU
		{7580F494-1B2F-48CF-B267-BE8AD52EE58F}.Debug|Any CPU.Build.0 = Debug|Any CPU
		{7580F494-1B2F-48CF-B267-BE8AD52EE58F}.Release|Any CPU.ActiveCfg = Release|Any CPU
		{7580F494-1B2F-48CF-B267-BE8AD52EE58F}.Release|Any CPU.Build.0 = Release|Any CPU
		{32203C2D-22E7-4675-B381-04185E214B7C}.Debug|Any CPU.ActiveCfg = Debug|Any CPU
		{32203C2D-22E7-4675-B381-04185E214B7C}.Debug|Any CPU.Build.0 = Debug|Any CPU
		{32203C2D-22E7-4675-B381-04185E214B7C}.Release|Any CPU.ActiveCfg = Release|Any CPU
		{32203C2D-22E7-4675-B381-04185E214B7C}.Release|Any CPU.Build.0 = Release|Any CPU
		{DE19E26A-8ADE-4A69-AEB0-0785618E9E25}.Debug|Any CPU.ActiveCfg = Debug|Any CPU
		{DE19E26A-8ADE-4A69-AEB0-0785618E9E25}.Debug|Any CPU.Build.0 = Debug|Any CPU
		{DE19E26A-8ADE-4A69-AEB0-0785618E9E25}.Release|Any CPU.ActiveCfg = Release|Any CPU
		{DE19E26A-8ADE-4A69-AEB0-0785618E9E25}.Release|Any CPU.Build.0 = Release|Any CPU
		{DF651E65-621F-469F-AB82-EDECCE78415F}.Debug|Any CPU.ActiveCfg = Debug|Any CPU
		{DF651E65-621F-469F-AB82-EDECCE78415F}.Debug|Any CPU.Build.0 = Debug|Any CPU
		{DF651E65-621F-469F-AB82-EDECCE78415F}.Release|Any CPU.ActiveCfg = Release|Any CPU
		{DF651E65-621F-469F-AB82-EDECCE78415F}.Release|Any CPU.Build.0 = Release|Any CPU
		{A3F2B31D-2491-47DB-A2B8-3057C93A4F9E}.Debug|Any CPU.ActiveCfg = Debug|Any CPU
		{A3F2B31D-2491-47DB-A2B8-3057C93A4F9E}.Debug|Any CPU.Build.0 = Debug|Any CPU
		{A3F2B31D-2491-47DB-A2B8-3057C93A4F9E}.Release|Any CPU.ActiveCfg = Release|Any CPU
		{A3F2B31D-2491-47DB-A2B8-3057C93A4F9E}.Release|Any CPU.Build.0 = Release|Any CPU
		{D94EE6C8-4365-4FF9-BD3E-1BCDA4A4FA20}.Debug|Any CPU.ActiveCfg = Debug|Any CPU
		{D94EE6C8-4365-4FF9-BD3E-1BCDA4A4FA20}.Debug|Any CPU.Build.0 = Debug|Any CPU
		{D94EE6C8-4365-4FF9-BD3E-1BCDA4A4FA20}.Release|Any CPU.ActiveCfg = Release|Any CPU
		{D94EE6C8-4365-4FF9-BD3E-1BCDA4A4FA20}.Release|Any CPU.Build.0 = Release|Any CPU
	EndGlobalSection
EndGlobal
